
Microsoft Visual Studio Solution File, Format Version 12.00
# Visual Studio Version 16
VisualStudioVersion = 16.0.30907.101
MinimumVisualStudioVersion = 10.0.40219.1
Project("{FAE04EC0-301F-11D3-BF4B-00C04F79EFBC}") = "puppy", "puppy\puppy.csproj", "{7A5A6AF2-5032-4583-BF7B-22BD9AF4E236}"
EndProject
Global
	GlobalSection(SolutionConfigurationPlatforms) = preSolution
		Debug|Any CPU = Debug|Any CPU
		Release|Any CPU = Release|Any CPU
	EndGlobalSection
	GlobalSection(ProjectConfigurationPlatforms) = postSolution
		{7A5A6AF2-5032-4583-BF7B-22BD9AF4E236}.Debug|Any CPU.ActiveCfg = Debug|Any CPU
		{7A5A6AF2-5032-4583-BF7B-22BD9AF4E236}.Debug|Any CPU.Build.0 = Debug|Any CPU
		{7A5A6AF2-5032-4583-BF7B-22BD9AF4E236}.Release|Any CPU.ActiveCfg = Release|Any CPU
		{7A5A6AF2-5032-4583-BF7B-22BD9AF4E236}.Release|Any CPU.Build.0 = Release|Any CPU
	EndGlobalSection
	GlobalSection(SolutionProperties) = preSolution
		HideSolutionNode = FALSE
	EndGlobalSection
	GlobalSection(ExtensibilityGlobals) = postSolution
		SolutionGuid = {F1396D4E-CDF8-4214-BFCE-B5180D2D8004}
	EndGlobalSection
EndGlobal
